
Microsoft Visual Studio Solution File, Format Version 12.00
# Visual Studio Version 16
VisualStudioVersion = 16.0.30804.86
MinimumVisualStudioVersion = 10.0.40219.1
Project("{FAE04EC0-301F-11D3-BF4B-00C04F79EFBC}") = "PSP2ConsoleApp", "PSP2ConsoleApp\PSP2ConsoleApp.csproj", "{EC53AB51-D8E0-4B9C-82BF-E6E0FBE9E085}"
EndProject
Project("{9A19103F-16F7-4668-BE54-9A1E7A4F7556}") = "SayHelloWithDelegates", "SayHelloWithDelegates\SayHelloWithDelegates.csproj", "{2947E84F-17D4-4293-8EB3-A43A0BCD2097}"
EndProject
Project("{9A19103F-16F7-4668-BE54-9A1E7A4F7556}") = "Produktverwaltung", "Produktverwaltung\Produktverwaltung.csproj", "{EFAFE8AA-CAAD-421E-BE0A-65B12C60B532}"
EndProject
Project("{9A19103F-16F7-4668-BE54-9A1E7A4F7556}") = "KonzertBeispiel", "KonzertBeispiel\KonzertBeispiel.csproj", "{DAB583EC-A20D-4626-B5F0-016102440D22}"
EndProject
Project("{9A19103F-16F7-4668-BE54-9A1E7A4F7556}") = "ProduktVerwaltungMitEvents", "ProduktVerwaltungMitEvents\ProduktVerwaltungMitEvents.csproj", "{A2B06068-39B8-4FD9-9FD5-FF60B3496101}"
EndProject
Project("{9A19103F-16F7-4668-BE54-9A1E7A4F7556}") = "ProduktverwaltungMitEF", "ProduktverwaltungMitEF\ProduktverwaltungMitEF.csproj", "{B0CF948D-089D-4B80-A373-CE1AFD6361B0}"
EndProject
Project("{FAE04EC0-301F-11D3-BF4B-00C04F79EFBC}") = "ConsoleAppFramework", "ConsoleAppFramework\ConsoleAppFramework.csproj", "{7F67D844-13C0-46D3-8056-2E0EC8DBB77C}"
EndProject
Project("{FAE04EC0-301F-11D3-BF4B-00C04F79EFBC}") = "ConsoleAppFrameworkMitEF", "ConsoleAppFrameworkMitEF\ConsoleAppFrameworkMitEF.csproj", "{46C45657-CD08-4E8D-852C-D56190A804FD}"
EndProject
Project("{FAE04EC0-301F-11D3-BF4B-00C04F79EFBC}") = "HelloWPF", "HelloWPF\HelloWPF.csproj", "{93F8A301-AC0E-4D82-AB35-295D71F5AC30}"
EndProject
Project("{FAE04EC0-301F-11D3-BF4B-00C04F79EFBC}") = "EventhandlingMitWPF", "EventhandlingMitWPF\EventhandlingMitWPF.csproj", "{770D97DE-ADE3-4C63-B31A-7EAB576902F6}"
EndProject
Project("{FAE04EC0-301F-11D3-BF4B-00C04F79EFBC}") = "WPFCalculator", "WPFCalculator\WPFCalculator.csproj", "{57BD75FD-D915-4562-B9DC-BB93C112C545}"
EndProject
Project("{FAE04EC0-301F-11D3-BF4B-00C04F79EFBC}") = "WeekendWPF", "WeekendWPF\WeekendWPF.csproj", "{3FF633D6-C5FB-406A-BF2C-D88FD03B97D6}"
EndProject
Project("{FAE04EC0-301F-11D3-BF4B-00C04F79EFBC}") = "WPFDataBindingModesAndUpdateTrigger", "WPFDataBindingModesAndUpdateTrigger\WPFDataBindingModesAndUpdateTrigger.csproj", "{3EEE6BB0-8E77-40FB-B068-47D723B8AF6B}"
EndProject
Project("{FAE04EC0-301F-11D3-BF4B-00C04F79EFBC}") = "KinofilmeWPF", "KinofilmeWPF\KinofilmeWPF.csproj", "{E5D53D58-53A5-4C00-B2B5-08C596ADE920}"
EndProject
Project("{FAE04EC0-301F-11D3-BF4B-00C04F79EFBC}") = "DemoDonnerstag", "DemoDonnerstag\DemoDonnerstag.csproj", "{07607AF0-E7EA-4F4F-AAB0-B2108FC4C024}"
EndProject
Project("{FAE04EC0-301F-11D3-BF4B-00C04F79EFBC}") = "LayoutcotainerSample", "LayoutcotainerSample\LayoutcotainerSample.csproj", "{8313DB3A-2A01-4B7D-AAEF-3AEE64C1C3F4}"
EndProject
Project("{FAE04EC0-301F-11D3-BF4B-00C04F79EFBC}") = "MillionenshowWPF", "MillionenshowWPF\MillionenshowWPF.csproj", "{B55DCF63-8565-471B-B0B9-0BE1FD1CBF9E}"
EndProject
Project("{FAE04EC0-301F-11D3-BF4B-00C04F79EFBC}") = "MatheWPF", "MatheWPF\MatheWPF.csproj", "{FEFF699C-4004-4247-B72F-BE78D7A997D1}"
EndProject
Project("{FAE04EC0-301F-11D3-BF4B-00C04F79EFBC}") = "DemoBindingToCollection", "DemoBindingToCollection\DemoBindingToCollection.csproj", "{D46F5284-89E0-4040-8847-BF607327D4BA}"
EndProject
Global
	GlobalSection(SolutionConfigurationPlatforms) = preSolution
		Debug|Any CPU = Debug|Any CPU
		Release|Any CPU = Release|Any CPU
	EndGlobalSection
	GlobalSection(ProjectConfigurationPlatforms) = postSolution
		{EC53AB51-D8E0-4B9C-82BF-E6E0FBE9E085}.Debug|Any CPU.ActiveCfg = Debug|Any CPU
		{EC53AB51-D8E0-4B9C-82BF-E6E0FBE9E085}.Debug|Any CPU.Build.0 = Debug|Any CPU
		{EC53AB51-D8E0-4B9C-82BF-E6E0FBE9E085}.Release|Any CPU.ActiveCfg = Release|Any CPU
		{EC53AB51-D8E0-4B9C-82BF-E6E0FBE9E085}.Release|Any CPU.Build.0 = Release|Any CPU
		{2947E84F-17D4-4293-8EB3-A43A0BCD2097}.Debug|Any CPU.ActiveCfg = Debug|Any CPU
		{2947E84F-17D4-4293-8EB3-A43A0BCD2097}.Debug|Any CPU.Build.0 = Debug|Any CPU
		{2947E84F-17D4-4293-8EB3-A43A0BCD2097}.Release|Any CPU.ActiveCfg = Release|Any CPU
		{2947E84F-17D4-4293-8EB3-A43A0BCD2097}.Release|Any CPU.Build.0 = Release|Any CPU
		{EFAFE8AA-CAAD-421E-BE0A-65B12C60B532}.Debug|Any CPU.ActiveCfg = Debug|Any CPU
		{EFAFE8AA-CAAD-421E-BE0A-65B12C60B532}.Debug|Any CPU.Build.0 = Debug|Any CPU
		{EFAFE8AA-CAAD-421E-BE0A-65B12C60B532}.Release|Any CPU.ActiveCfg = Release|Any CPU
		{EFAFE8AA-CAAD-421E-BE0A-65B12C60B532}.Release|Any CPU.Build.0 = Release|Any CPU
		{DAB583EC-A20D-4626-B5F0-016102440D22}.Debug|Any CPU.ActiveCfg = Debug|Any CPU
		{DAB583EC-A20D-4626-B5F0-016102440D22}.Debug|Any CPU.Build.0 = Debug|Any CPU
		{DAB583EC-A20D-4626-B5F0-016102440D22}.Release|Any CPU.ActiveCfg = Release|Any CPU
		{DAB583EC-A20D-4626-B5F0-016102440D22}.Release|Any CPU.Build.0 = Release|Any CPU
		{A2B06068-39B8-4FD9-9FD5-FF60B3496101}.Debug|Any CPU.ActiveCfg = Debug|Any CPU
		{A2B06068-39B8-4FD9-9FD5-FF60B3496101}.Debug|Any CPU.Build.0 = Debug|Any CPU
		{A2B06068-39B8-4FD9-9FD5-FF60B3496101}.Release|Any CPU.ActiveCfg = Release|Any CPU
		{A2B06068-39B8-4FD9-9FD5-FF60B3496101}.Release|Any CPU.Build.0 = Release|Any CPU
		{B0CF948D-089D-4B80-A373-CE1AFD6361B0}.Debug|Any CPU.ActiveCfg = Debug|Any CPU
		{B0CF948D-089D-4B80-A373-CE1AFD6361B0}.Debug|Any CPU.Build.0 = Debug|Any CPU
		{B0CF948D-089D-4B80-A373-CE1AFD6361B0}.Release|Any CPU.ActiveCfg = Release|Any CPU
		{B0CF948D-089D-4B80-A373-CE1AFD6361B0}.Release|Any CPU.Build.0 = Release|Any CPU
		{7F67D844-13C0-46D3-8056-2E0EC8DBB77C}.Debug|Any CPU.ActiveCfg = Debug|Any CPU
		{7F67D844-13C0-46D3-8056-2E0EC8DBB77C}.Debug|Any CPU.Build.0 = Debug|Any CPU
		{7F67D844-13C0-46D3-8056-2E0EC8DBB77C}.Release|Any CPU.ActiveCfg = Release|Any CPU
		{7F67D844-13C0-46D3-8056-2E0EC8DBB77C}.Release|Any CPU.Build.0 = Release|Any CPU
		{46C45657-CD08-4E8D-852C-D56190A804FD}.Debug|Any CPU.ActiveCfg = Debug|Any CPU
		{46C45657-CD08-4E8D-852C-D56190A804FD}.Debug|Any CPU.Build.0 = Debug|Any CPU
		{46C45657-CD08-4E8D-852C-D56190A804FD}.Release|Any CPU.ActiveCfg = Release|Any CPU
		{46C45657-CD08-4E8D-852C-D56190A804FD}.Release|Any CPU.Build.0 = Release|Any CPU
		{93F8A301-AC0E-4D82-AB35-295D71F5AC30}.Debug|Any CPU.ActiveCfg = Debug|Any CPU
		{93F8A301-AC0E-4D82-AB35-295D71F5AC30}.Debug|Any CPU.Build.0 = Debug|Any CPU
		{93F8A301-AC0E-4D82-AB35-295D71F5AC30}.Release|Any CPU.ActiveCfg = Release|Any CPU
		{93F8A301-AC0E-4D82-AB35-295D71F5AC30}.Release|Any CPU.Build.0 = Release|Any CPU
		{770D97DE-ADE3-4C63-B31A-7EAB576902F6}.Debug|Any CPU.ActiveCfg = Debug|Any CPU
		{770D97DE-ADE3-4C63-B31A-7EAB576902F6}.Debug|Any CPU.Build.0 = Debug|Any CPU
		{770D97DE-ADE3-4C63-B31A-7EAB576902F6}.Release|Any CPU.ActiveCfg = Release|Any CPU
		{770D97DE-ADE3-4C63-B31A-7EAB576902F6}.Release|Any CPU.Build.0 = Release|Any CPU
		{57BD75FD-D915-4562-B9DC-BB93C112C545}.Debug|Any CPU.ActiveCfg = Debug|Any CPU
		{57BD75FD-D915-4562-B9DC-BB93C112C545}.Debug|Any CPU.Build.0 = Debug|Any CPU
		{57BD75FD-D915-4562-B9DC-BB93C112C545}.Release|Any CPU.ActiveCfg = Release|Any CPU
		{57BD75FD-D915-4562-B9DC-BB93C112C545}.Release|Any CPU.Build.0 = Release|Any CPU
		{3FF633D6-C5FB-406A-BF2C-D88FD03B97D6}.Debug|Any CPU.ActiveCfg = Debug|Any CPU
		{3FF633D6-C5FB-406A-BF2C-D88FD03B97D6}.Debug|Any CPU.Build.0 = Debug|Any CPU
		{3FF633D6-C5FB-406A-BF2C-D88FD03B97D6}.Release|Any CPU.ActiveCfg = Release|Any CPU
		{3FF633D6-C5FB-406A-BF2C-D88FD03B97D6}.Release|Any CPU.Build.0 = Release|Any CPU
		{3EEE6BB0-8E77-40FB-B068-47D723B8AF6B}.Debug|Any CPU.ActiveCfg = Debug|Any CPU
		{3EEE6BB0-8E77-40FB-B068-47D723B8AF6B}.Debug|Any CPU.Build.0 = Debug|Any CPU
		{3EEE6BB0-8E77-40FB-B068-47D723B8AF6B}.Release|Any CPU.ActiveCfg = Release|Any CPU
		{3EEE6BB0-8E77-40FB-B068-47D723B8AF6B}.Release|Any CPU.Build.0 = Release|Any CPU
		{E5D53D58-53A5-4C00-B2B5-08C596ADE920}.Debug|Any CPU.ActiveCfg = Debug|Any CPU
		{E5D53D58-53A5-4C00-B2B5-08C596ADE920}.Debug|Any CPU.Build.0 = Debug|Any CPU
		{E5D53D58-53A5-4C00-B2B5-08C596ADE920}.Release|Any CPU.ActiveCfg = Release|Any CPU
		{E5D53D58-53A5-4C00-B2B5-08C596ADE920}.Release|Any CPU.Build.0 = Release|Any CPU
		{07607AF0-E7EA-4F4F-AAB0-B2108FC4C024}.Debug|Any CPU.ActiveCfg = Debug|Any CPU
		{07607AF0-E7EA-4F4F-AAB0-B2108FC4C024}.Debug|Any CPU.Build.0 = Debug|Any CPU
		{07607AF0-E7EA-4F4F-AAB0-B2108FC4C024}.Release|Any CPU.ActiveCfg = Release|Any CPU
		{07607AF0-E7EA-4F4F-AAB0-B2108FC4C024}.Release|Any CPU.Build.0 = Release|Any CPU
		{8313DB3A-2A01-4B7D-AAEF-3AEE64C1C3F4}.Debug|Any CPU.ActiveCfg = Debug|Any CPU
		{8313DB3A-2A01-4B7D-AAEF-3AEE64C1C3F4}.Debug|Any CPU.Build.0 = Debug|Any CPU
		{8313DB3A-2A01-4B7D-AAEF-3AEE64C1C3F4}.Release|Any CPU.ActiveCfg = Release|Any CPU
		{8313DB3A-2A01-4B7D-AAEF-3AEE64C1C3F4}.Release|Any CPU.Build.0 = Release|Any CPU
		{B55DCF63-8565-471B-B0B9-0BE1FD1CBF9E}.Debug|Any CPU.ActiveCfg = Debug|Any CPU
		{B55DCF63-8565-471B-B0B9-0BE1FD1CBF9E}.Debug|Any CPU.Build.0 = Debug|Any CPU
		{B55DCF63-8565-471B-B0B9-0BE1FD1CBF9E}.Release|Any CPU.ActiveCfg = Release|Any CPU
		{B55DCF63-8565-471B-B0B9-0BE1FD1CBF9E}.Release|Any CPU.Build.0 = Release|Any CPU
		{FEFF699C-4004-4247-B72F-BE78D7A997D1}.Debug|Any CPU.ActiveCfg = Debug|Any CPU
		{FEFF699C-4004-4247-B72F-BE78D7A997D1}.Debug|Any CPU.Build.0 = Debug|Any CPU
		{FEFF699C-4004-4247-B72F-BE78D7A997D1}.Release|Any CPU.ActiveCfg = Release|Any CPU
		{FEFF699C-4004-4247-B72F-BE78D7A997D1}.Release|Any CPU.Build.0 = Release|Any CPU
		{D46F5284-89E0-4040-8847-BF607327D4BA}.Debug|Any CPU.ActiveCfg = Debug|Any CPU
		{D46F5284-89E0-4040-8847-BF607327D4BA}.Debug|Any CPU.Build.0 = Debug|Any CPU
		{D46F5284-89E0-4040-8847-BF607327D4BA}.Release|Any CPU.ActiveCfg = Release|Any CPU
		{D46F5284-89E0-4040-8847-BF607327D4BA}.Release|Any CPU.Build.0 = Release|Any CPU
	EndGlobalSection
	GlobalSection(SolutionProperties) = preSolution
		HideSolutionNode = FALSE
	EndGlobalSection
	GlobalSection(ExtensibilityGlobals) = postSolution
		SolutionGuid = {713C18AF-3818-4690-BFE3-D9F9DB0A1FB9}
	EndGlobalSection
EndGlobal
