
Microsoft Visual Studio Solution File, Format Version 12.00
# Visual Studio Version 16
VisualStudioVersion = 16.0.30804.86
MinimumVisualStudioVersion = 10.0.40219.1
Project("{FAE04EC0-301F-11D3-BF4B-00C04F79EFBC}") = "PSP2ConsoleApp", "PSP2ConsoleApp\PSP2ConsoleApp.csproj", "{EC53AB51-D8E0-4B9C-82BF-E6E0FBE9E085}"
EndProject
Project("{FAE04EC0-301F-11D3-BF4B-00C04F79EFBC}") = "SayHelloWithDelegates", "SayHelloWithDelegates\SayHelloWithDelegates.csproj", "{2947E84F-17D4-4293-8EB3-A43A0BCD2097}"
EndProject
Project("{FAE04EC0-301F-11D3-BF4B-00C04F79EFBC}") = "Produktverwaltung", "Produktverwaltung\Produktverwaltung.csproj", "{EFAFE8AA-CAAD-421E-BE0A-65B12C60B532}"
EndProject
Project("{FAE04EC0-301F-11D3-BF4B-00C04F79EFBC}") = "KonzertBeispiel", "KonzertBeispiel\KonzertBeispiel.csproj", "{DAB583EC-A20D-4626-B5F0-016102440D22}"
EndProject
Project("{FAE04EC0-301F-11D3-BF4B-00C04F79EFBC}") = "ProduktVerwaltungMitEvents", "ProduktVerwaltungMitEvents\ProduktVerwaltungMitEvents.csproj", "{A2B06068-39B8-4FD9-9FD5-FF60B3496101}"
EndProject
Project("{FAE04EC0-301F-11D3-BF4B-00C04F79EFBC}") = "ProduktverwaltungMitEF", "ProduktverwaltungMitEF\ProduktverwaltungMitEF.csproj", "{B0CF948D-089D-4B80-A373-CE1AFD6361B0}"
EndProject
Project("{FAE04EC0-301F-11D3-BF4B-00C04F79EFBC}") = "ConsoleAppFramework", "ConsoleAppFramework\ConsoleAppFramework.csproj", "{7F67D844-13C0-46D3-8056-2E0EC8DBB77C}"
EndProject
Global
	GlobalSection(SolutionConfigurationPlatforms) = preSolution
		Debug|Any CPU = Debug|Any CPU
		Release|Any CPU = Release|Any CPU
	EndGlobalSection
	GlobalSection(ProjectConfigurationPlatforms) = postSolution
		{EC53AB51-D8E0-4B9C-82BF-E6E0FBE9E085}.Debug|Any CPU.ActiveCfg = Debug|Any CPU
		{EC53AB51-D8E0-4B9C-82BF-E6E0FBE9E085}.Debug|Any CPU.Build.0 = Debug|Any CPU
		{EC53AB51-D8E0-4B9C-82BF-E6E0FBE9E085}.Release|Any CPU.ActiveCfg = Release|Any CPU
		{EC53AB51-D8E0-4B9C-82BF-E6E0FBE9E085}.Release|Any CPU.Build.0 = Release|Any CPU
		{2947E84F-17D4-4293-8EB3-A43A0BCD2097}.Debug|Any CPU.ActiveCfg = Debug|Any CPU
		{2947E84F-17D4-4293-8EB3-A43A0BCD2097}.Debug|Any CPU.Build.0 = Debug|Any CPU
		{2947E84F-17D4-4293-8EB3-A43A0BCD2097}.Release|Any CPU.ActiveCfg = Release|Any CPU
		{2947E84F-17D4-4293-8EB3-A43A0BCD2097}.Release|Any CPU.Build.0 = Release|Any CPU
		{EFAFE8AA-CAAD-421E-BE0A-65B12C60B532}.Debug|Any CPU.ActiveCfg = Debug|Any CPU
		{EFAFE8AA-CAAD-421E-BE0A-65B12C60B532}.Debug|Any CPU.Build.0 = Debug|Any CPU
		{EFAFE8AA-CAAD-421E-BE0A-65B12C60B532}.Release|Any CPU.ActiveCfg = Release|Any CPU
		{EFAFE8AA-CAAD-421E-BE0A-65B12C60B532}.Release|Any CPU.Build.0 = Release|Any CPU
		{DAB583EC-A20D-4626-B5F0-016102440D22}.Debug|Any CPU.ActiveCfg = Debug|Any CPU
		{DAB583EC-A20D-4626-B5F0-016102440D22}.Debug|Any CPU.Build.0 = Debug|Any CPU
		{DAB583EC-A20D-4626-B5F0-016102440D22}.Release|Any CPU.ActiveCfg = Release|Any CPU
		{DAB583EC-A20D-4626-B5F0-016102440D22}.Release|Any CPU.Build.0 = Release|Any CPU
		{A2B06068-39B8-4FD9-9FD5-FF60B3496101}.Debug|Any CPU.ActiveCfg = Debug|Any CPU
		{A2B06068-39B8-4FD9-9FD5-FF60B3496101}.Debug|Any CPU.Build.0 = Debug|Any CPU
		{A2B06068-39B8-4FD9-9FD5-FF60B3496101}.Release|Any CPU.ActiveCfg = Release|Any CPU
		{A2B06068-39B8-4FD9-9FD5-FF60B3496101}.Release|Any CPU.Build.0 = Release|Any CPU
		{B0CF948D-089D-4B80-A373-CE1AFD6361B0}.Debug|Any CPU.ActiveCfg = Debug|Any CPU
		{B0CF948D-089D-4B80-A373-CE1AFD6361B0}.Debug|Any CPU.Build.0 = Debug|Any CPU
		{B0CF948D-089D-4B80-A373-CE1AFD6361B0}.Release|Any CPU.ActiveCfg = Release|Any CPU
		{B0CF948D-089D-4B80-A373-CE1AFD6361B0}.Release|Any CPU.Build.0 = Release|Any CPU
		{7F67D844-13C0-46D3-8056-2E0EC8DBB77C}.Debug|Any CPU.ActiveCfg = Debug|Any CPU
		{7F67D844-13C0-46D3-8056-2E0EC8DBB77C}.Debug|Any CPU.Build.0 = Debug|Any CPU
		{7F67D844-13C0-46D3-8056-2E0EC8DBB77C}.Release|Any CPU.ActiveCfg = Release|Any CPU
		{7F67D844-13C0-46D3-8056-2E0EC8DBB77C}.Release|Any CPU.Build.0 = Release|Any CPU
	EndGlobalSection
	GlobalSection(SolutionProperties) = preSolution
		HideSolutionNode = FALSE
	EndGlobalSection
	GlobalSection(ExtensibilityGlobals) = postSolution
		SolutionGuid = {713C18AF-3818-4690-BFE3-D9F9DB0A1FB9}
	EndGlobalSection
EndGlobal
